
Microsoft Visual Studio Solution File, Format Version 12.00
# Visual Studio 15
VisualStudioVersion = 15.0.26730.16
MinimumVisualStudioVersion = 10.0.40219.1
Project("{FAE04EC0-301F-11D3-BF4B-00C04F79EFBC}") = "WindowsFormsAppJanci", "WindowsFormsAppJanci\WindowsFormsAppJanci.csproj", "{D30F7786-A4ED-4A59-8075-A6A539776E27}"
EndProject
Global
	GlobalSection(SolutionConfigurationPlatforms) = preSolution
		Debug|Any CPU = Debug|Any CPU
		Release|Any CPU = Release|Any CPU
	EndGlobalSection
	GlobalSection(ProjectConfigurationPlatforms) = postSolution
		{D30F7786-A4ED-4A59-8075-A6A539776E27}.Debug|Any CPU.ActiveCfg = Debug|Any CPU
		{D30F7786-A4ED-4A59-8075-A6A539776E27}.Debug|Any CPU.Build.0 = Debug|Any CPU
		{D30F7786-A4ED-4A59-8075-A6A539776E27}.Release|Any CPU.ActiveCfg = Release|Any CPU
		{D30F7786-A4ED-4A59-8075-A6A539776E27}.Release|Any CPU.Build.0 = Release|Any CPU
	EndGlobalSection
	GlobalSection(SolutionProperties) = preSolution
		HideSolutionNode = FALSE
	EndGlobalSection
	GlobalSection(ExtensibilityGlobals) = postSolution
		SolutionGuid = {C50E7D84-58CD-4587-A10F-B26B2F6A1ABC}
	EndGlobalSection
EndGlobal
